
Microsoft Visual Studio Solution File, Format Version 12.00
# Visual Studio Version 17
VisualStudioVersion = 17.0.31903.59
MinimumVisualStudioVersion = 10.0.40219.1
Project("{FAE04EC0-301F-11D3-BF4B-00C04F79EFBC}") = "Huffman.Core", "Huffman.Core\Huffman.Core.csproj", "{E6BB99D3-90DB-4139-B611-0EBBCFBF7588}"
EndProject
Project("{FAE04EC0-301F-11D3-BF4B-00C04F79EFBC}") = "Huffman.Tests", "Huffman.Tests\Huffman.Tests.csproj", "{441195BC-82AC-4755-8630-0740CD5A22EF}"
EndProject
Project("{FAE04EC0-301F-11D3-BF4B-00C04F79EFBC}") = "Huffman.Application", "Huffman.Application\Huffman.Application.csproj", "{7257D411-19BE-4DAB-9595-7E821E8411D5}"
EndProject
Global
	GlobalSection(SolutionConfigurationPlatforms) = preSolution
		Debug|Any CPU = Debug|Any CPU
		Debug|x64 = Debug|x64
		Debug|x86 = Debug|x86
		Release|Any CPU = Release|Any CPU
		Release|x64 = Release|x64
		Release|x86 = Release|x86
	EndGlobalSection
	GlobalSection(ProjectConfigurationPlatforms) = postSolution
		{E6BB99D3-90DB-4139-B611-0EBBCFBF7588}.Debug|Any CPU.ActiveCfg = Debug|Any CPU
		{E6BB99D3-90DB-4139-B611-0EBBCFBF7588}.Debug|Any CPU.Build.0 = Debug|Any CPU
		{E6BB99D3-90DB-4139-B611-0EBBCFBF7588}.Debug|x64.ActiveCfg = Debug|Any CPU
		{E6BB99D3-90DB-4139-B611-0EBBCFBF7588}.Debug|x64.Build.0 = Debug|Any CPU
		{E6BB99D3-90DB-4139-B611-0EBBCFBF7588}.Debug|x86.ActiveCfg = Debug|Any CPU
		{E6BB99D3-90DB-4139-B611-0EBBCFBF7588}.Debug|x86.Build.0 = Debug|Any CPU
		{E6BB99D3-90DB-4139-B611-0EBBCFBF7588}.Release|Any CPU.ActiveCfg = Release|Any CPU
		{E6BB99D3-90DB-4139-B611-0EBBCFBF7588}.Release|Any CPU.Build.0 = Release|Any CPU
		{E6BB99D3-90DB-4139-B611-0EBBCFBF7588}.Release|x64.ActiveCfg = Release|Any CPU
		{E6BB99D3-90DB-4139-B611-0EBBCFBF7588}.Release|x64.Build.0 = Release|Any CPU
		{E6BB99D3-90DB-4139-B611-0EBBCFBF7588}.Release|x86.ActiveCfg = Release|Any CPU
		{E6BB99D3-90DB-4139-B611-0EBBCFBF7588}.Release|x86.Build.0 = Release|Any CPU
		{441195BC-82AC-4755-8630-0740CD5A22EF}.Debug|Any CPU.ActiveCfg = Debug|Any CPU
		{441195BC-82AC-4755-8630-0740CD5A22EF}.Debug|Any CPU.Build.0 = Debug|Any CPU
		{441195BC-82AC-4755-8630-0740CD5A22EF}.Debug|x64.ActiveCfg = Debug|Any CPU
		{441195BC-82AC-4755-8630-0740CD5A22EF}.Debug|x64.Build.0 = Debug|Any CPU
		{441195BC-82AC-4755-8630-0740CD5A22EF}.Debug|x86.ActiveCfg = Debug|Any CPU
		{441195BC-82AC-4755-8630-0740CD5A22EF}.Debug|x86.Build.0 = Debug|Any CPU
		{441195BC-82AC-4755-8630-0740CD5A22EF}.Release|Any CPU.ActiveCfg = Release|Any CPU
		{441195BC-82AC-4755-8630-0740CD5A22EF}.Release|Any CPU.Build.0 = Release|Any CPU
		{441195BC-82AC-4755-8630-0740CD5A22EF}.Release|x64.ActiveCfg = Release|Any CPU
		{441195BC-82AC-4755-8630-0740CD5A22EF}.Release|x64.Build.0 = Release|Any CPU
		{441195BC-82AC-4755-8630-0740CD5A22EF}.Release|x86.ActiveCfg = Release|Any CPU
		{441195BC-82AC-4755-8630-0740CD5A22EF}.Release|x86.Build.0 = Release|Any CPU
		{7257D411-19BE-4DAB-9595-7E821E8411D5}.Debug|Any CPU.ActiveCfg = Debug|Any CPU
		{7257D411-19BE-4DAB-9595-7E821E8411D5}.Debug|Any CPU.Build.0 = Debug|Any CPU
		{7257D411-19BE-4DAB-9595-7E821E8411D5}.Debug|x64.ActiveCfg = Debug|Any CPU
		{7257D411-19BE-4DAB-9595-7E821E8411D5}.Debug|x64.Build.0 = Debug|Any CPU
		{7257D411-19BE-4DAB-9595-7E821E8411D5}.Debug|x86.ActiveCfg = Debug|Any CPU
		{7257D411-19BE-4DAB-9595-7E821E8411D5}.Debug|x86.Build.0 = Debug|Any CPU
		{7257D411-19BE-4DAB-9595-7E821E8411D5}.Release|Any CPU.ActiveCfg = Release|Any CPU
		{7257D411-19BE-4DAB-9595-7E821E8411D5}.Release|Any CPU.Build.0 = Release|Any CPU
		{7257D411-19BE-4DAB-9595-7E821E8411D5}.Release|x64.ActiveCfg = Release|Any CPU
		{7257D411-19BE-4DAB-9595-7E821E8411D5}.Release|x64.Build.0 = Release|Any CPU
		{7257D411-19BE-4DAB-9595-7E821E8411D5}.Release|x86.ActiveCfg = Release|Any CPU
		{7257D411-19BE-4DAB-9595-7E821E8411D5}.Release|x86.Build.0 = Release|Any CPU
	EndGlobalSection
	GlobalSection(SolutionProperties) = preSolution
		HideSolutionNode = FALSE
	EndGlobalSection
EndGlobal
